{
  "name": "notion_library",
  "version": "1.0.0",
  "lockfileVersion": 2,
  "requires": true,
  "packages": {
    "": {
      "name": "notion_library",
      "version": "1.0.0",
      "license": "ISC",
      "dependencies": {
        "@types/google-apps-script": "^1.0.46"
      },
      "devDependencies": {
        "typescript": "^4.6.3"
      }
    },
    "node_modules/@types/google-apps-script": {
      "version": "1.0.46",
      "resolved": "https://registry.npmjs.org/@types/google-apps-script/-/google-apps-script-1.0.46.tgz",
      "integrity": "sha512-az6tRZ/zlkyOvq5zvjHp6Rbz3gqzA0jrR/Yx/pccP4Sy4mKaDw0dJhkoyDXKxBNB42In+xm1FYbGFFt34TTNXA=="
    },
    "node_modules/typescript": {
      "version": "4.6.3",
      "resolved": "https://registry.npmjs.org/typescript/-/typescript-4.6.3.tgz",
      "integrity": "sha512-yNIatDa5iaofVozS/uQJEl3JRWLKKGJKh6Yaiv0GLGSuhpFJe7P3SbHZ8/yjAHRQwKRoA6YZqlfjXWmVzoVSMw==",
      "dev": true,
      "bin": {
        "tsc": "bin/tsc",
        "tsserver": "bin/tsserver"
      },
      "engines": {
        "node": ">=4.2.0"
      }
    }
  },
  "dependencies": {
    "@types/google-apps-script": {
      "version": "1.0.46",
      "resolved": "https://registry.npmjs.org/@types/google-apps-script/-/google-apps-script-1.0.46.tgz",
      "integrity": "sha512-az6tRZ/zlkyOvq5zvjHp6Rbz3gqzA0jrR/Yx/pccP4Sy4mKaDw0dJhkoyDXKxBNB42In+xm1FYbGFFt34TTNXA=="
    },
    "typescript": {
      "version": "4.6.3",
      "resolved": "https://registry.npmjs.org/typescript/-/typescript-4.6.3.tgz",
      "integrity": "sha512-yNIatDa5iaofVozS/uQJEl3JRWLKKGJKh6Yaiv0GLGSuhpFJe7P3SbHZ8/yjAHRQwKRoA6YZqlfjXWmVzoVSMw==",
      "dev": true
    }
  }
}
